
Microsoft Visual Studio Solution File, Format Version 12.00
# Visual Studio 15
VisualStudioVersion = 15.0.28010.2046
MinimumVisualStudioVersion = 10.0.40219.1
Project("{FAE04EC0-301F-11D3-BF4B-00C04F79EFBC}") = "Entidades", "Entidades\Entidades.csproj", "{CB16FAC0-AEA6-4935-8D73-DFF665AF0288}"
EndProject
Project("{FAE04EC0-301F-11D3-BF4B-00C04F79EFBC}") = "MiCalculadora", "MiCalculadora\MiCalculadora.csproj", "{C3AB4235-B570-4C45-B383-EF0384D28DF9}"
EndProject
Global
	GlobalSection(SolutionConfigurationPlatforms) = preSolution
		Debug|Any CPU = Debug|Any CPU
		Release|Any CPU = Release|Any CPU
	EndGlobalSection
	GlobalSection(ProjectConfigurationPlatforms) = postSolution
		{CB16FAC0-AEA6-4935-8D73-DFF665AF0288}.Debug|Any CPU.ActiveCfg = Debug|Any CPU
		{CB16FAC0-AEA6-4935-8D73-DFF665AF0288}.Debug|Any CPU.Build.0 = Debug|Any CPU
		{CB16FAC0-AEA6-4935-8D73-DFF665AF0288}.Release|Any CPU.ActiveCfg = Release|Any CPU
		{CB16FAC0-AEA6-4935-8D73-DFF665AF0288}.Release|Any CPU.Build.0 = Release|Any CPU
		{C3AB4235-B570-4C45-B383-EF0384D28DF9}.Debug|Any CPU.ActiveCfg = Debug|Any CPU
		{C3AB4235-B570-4C45-B383-EF0384D28DF9}.Debug|Any CPU.Build.0 = Debug|Any CPU
		{C3AB4235-B570-4C45-B383-EF0384D28DF9}.Release|Any CPU.ActiveCfg = Release|Any CPU
		{C3AB4235-B570-4C45-B383-EF0384D28DF9}.Release|Any CPU.Build.0 = Release|Any CPU
	EndGlobalSection
	GlobalSection(SolutionProperties) = preSolution
		HideSolutionNode = FALSE
	EndGlobalSection
	GlobalSection(ExtensibilityGlobals) = postSolution
		SolutionGuid = {441E32A5-2EB0-4EF0-8CA8-B0C3D8914CA5}
	EndGlobalSection
EndGlobal
